Microsoft Visual Studio Solution File, Format Version 12.00
# Visual Studio Version 17
VisualStudioVersion = 17.13.35931.197
MinimumVisualStudioVersion = 10.0.40219.1
Project("{54A90642-561A-4BB1-A94E-469ADEE60C69}") = "ollamafarmer.client", "ollamafarmer.client\ollamafarmer.client.esproj", "{486FF61C-DD6A-45B4-D28E-BA758957F1DC}"
EndProject
Project("{FAE04EC0-301F-11D3-BF4B-00C04F79EFBC}") = "OllamaFarmer.Server", "ollamafarmer.Server\OllamaFarmer.Server.csproj", "{E90C6BC5-1AEF-4C50-953E-091C7976296B}"
EndProject
Project("{2150E333-8FDC-42A3-9474-1A3956D46DE8}") = "Solution Items", "Solution Items", "{8EC462FD-D22E-90A8-E5CE-7E832BA40C5D}"
	ProjectSection(SolutionItems) = preProject
		.github\workflows\docker-ci-amd64.yml = .github\workflows\docker-ci-amd64.yml
		.github\workflows\docker-release-amd64.yml = .github\workflows\docker-release-amd64.yml
		.github\workflows\docker-release-arm64.yml = .github\workflows\docker-release-arm64.yml
		README.md = README.md
	EndProjectSection
EndProject
Global
	GlobalSection(SolutionConfigurationPlatforms) = preSolution
		Debug|Any CPU = Debug|Any CPU
		Release|Any CPU = Release|Any CPU
	EndGlobalSection
	GlobalSection(ProjectConfigurationPlatforms) = postSolution
		{486FF61C-DD6A-45B4-D28E-BA758957F1DC}.Debug|Any CPU.ActiveCfg = Debug|Any CPU
		{486FF61C-DD6A-45B4-D28E-BA758957F1DC}.Debug|Any CPU.Build.0 = Debug|Any CPU
		{486FF61C-DD6A-45B4-D28E-BA758957F1DC}.Debug|Any CPU.Deploy.0 = Debug|Any CPU
		{486FF61C-DD6A-45B4-D28E-BA758957F1DC}.Release|Any CPU.ActiveCfg = Release|Any CPU
		{486FF61C-DD6A-45B4-D28E-BA758957F1DC}.Release|Any CPU.Build.0 = Release|Any CPU
		{486FF61C-DD6A-45B4-D28E-BA758957F1DC}.Release|Any CPU.Deploy.0 = Release|Any CPU
		{E90C6BC5-1AEF-4C50-953E-091C7976296B}.Debug|Any CPU.ActiveCfg = Debug|Any CPU
		{E90C6BC5-1AEF-4C50-953E-091C7976296B}.Debug|Any CPU.Build.0 = Debug|Any CPU
		{E90C6BC5-1AEF-4C50-953E-091C7976296B}.Release|Any CPU.ActiveCfg = Release|Any CPU
		{E90C6BC5-1AEF-4C50-953E-091C7976296B}.Release|Any CPU.Build.0 = Release|Any CPU
	EndGlobalSection
	GlobalSection(SolutionProperties) = preSolution
		HideSolutionNode = FALSE
	EndGlobalSection
	GlobalSection(ExtensibilityGlobals) = postSolution
		SolutionGuid = {FDB4D1C7-F5A5-472D-8F8D-01BD349B4B30}
	EndGlobalSection
EndGlobal
